
Microsoft Visual Studio Solution File, Format Version 12.00
# Visual Studio Version 17
VisualStudioVersion = 17.4.33103.184
MinimumVisualStudioVersion = 10.0.40219.1
Project("{FAE04EC0-301F-11D3-BF4B-00C04F79EFBC}") = "server", "server\server.csproj", "{E3734A9D-C467-40D5-AD9A-FBD6B824F974}"
EndProject
Project("{FAE04EC0-301F-11D3-BF4B-00C04F79EFBC}") = "DAL", "DAL\DAL.csproj", "{AB0872E2-D1F2-4AEF-B82D-438434407B2C}"
EndProject
Global
	GlobalSection(SolutionConfigurationPlatforms) = preSolution
		Debug|Any CPU = Debug|Any CPU
		Release|Any CPU = Release|Any CPU
	EndGlobalSection
	GlobalSection(ProjectConfigurationPlatforms) = postSolution
		{E3734A9D-C467-40D5-AD9A-FBD6B824F974}.Debug|Any CPU.ActiveCfg = Debug|Any CPU
		{E3734A9D-C467-40D5-AD9A-FBD6B824F974}.Debug|Any CPU.Build.0 = Debug|Any CPU
		{E3734A9D-C467-40D5-AD9A-FBD6B824F974}.Release|Any CPU.ActiveCfg = Release|Any CPU
		{E3734A9D-C467-40D5-AD9A-FBD6B824F974}.Release|Any CPU.Build.0 = Release|Any CPU
		{AB0872E2-D1F2-4AEF-B82D-438434407B2C}.Debug|Any CPU.ActiveCfg = Debug|Any CPU
		{AB0872E2-D1F2-4AEF-B82D-438434407B2C}.Debug|Any CPU.Build.0 = Debug|Any CPU
		{AB0872E2-D1F2-4AEF-B82D-438434407B2C}.Release|Any CPU.ActiveCfg = Release|Any CPU
		{AB0872E2-D1F2-4AEF-B82D-438434407B2C}.Release|Any CPU.Build.0 = Release|Any CPU
	EndGlobalSection
	GlobalSection(SolutionProperties) = preSolution
		HideSolutionNode = FALSE
	EndGlobalSection
	GlobalSection(ExtensibilityGlobals) = postSolution
		SolutionGuid = {500E8D9C-6A7D-4C54-B956-C62D5FFFEBC8}
	EndGlobalSection
EndGlobal
